
Microsoft Visual Studio Solution File, Format Version 12.00
# Visual Studio Version 16
VisualStudioVersion = 16.0.30503.244
MinimumVisualStudioVersion = 10.0.40219.1
Project("{9A19103F-16F7-4668-BE54-9A1E7A4F7556}") = "InsidePlugin", "InsidePlugin\InsidePlugin.csproj", "{B830241C-83FF-42BE-B07A-3DA32C16C127}"
EndProject
Global
	GlobalSection(SolutionConfigurationPlatforms) = preSolution
		Debug|Any CPU = Debug|Any CPU
		Release|Any CPU = Release|Any CPU
	EndGlobalSection
	GlobalSection(ProjectConfigurationPlatforms) = postSolution
		{B830241C-83FF-42BE-B07A-3DA32C16C127}.Debug|Any CPU.ActiveCfg = Debug|Any CPU
		{B830241C-83FF-42BE-B07A-3DA32C16C127}.Debug|Any CPU.Build.0 = Debug|Any CPU
		{B830241C-83FF-42BE-B07A-3DA32C16C127}.Release|Any CPU.ActiveCfg = Release|Any CPU
		{B830241C-83FF-42BE-B07A-3DA32C16C127}.Release|Any CPU.Build.0 = Release|Any CPU
	EndGlobalSection
	GlobalSection(SolutionProperties) = preSolution
		HideSolutionNode = FALSE
	EndGlobalSection
	GlobalSection(ExtensibilityGlobals) = postSolution
		SolutionGuid = {9869236B-8AA0-49AD-ACA1-4D54A745E8A1}
	EndGlobalSection
	GlobalSection(TeamFoundationVersionControl) = preSolution
		SccNumberOfProjects = 2
		SccLocalPath0 = .
		SccProjectUniqueName1 = InsidePlugin\\InsidePlugin.csproj
		SccProjectName1 = InsidePlugin
		SccLocalPath1 = InsidePlugin
	EndGlobalSection
EndGlobal
